schema: '2.0'
stages:
  generate_data:
    cmd: python src/generate_data.py
    deps:
    - path: src/generate_data.py
      hash: md5
      md5: b121518f483b9abd91a13cfd797d7f59
      size: 597
    outs:
    - path: data/dataset.csv
      hash: md5
      md5: bd763e563ca564c36ca792e6fd2ac3d9
      size: 385841
  train:
    cmd: python src/train.py
    deps:
    - path: data/dataset.csv
      hash: md5
      md5: bd763e563ca564c36ca792e6fd2ac3d9
      size: 385841
    - path: src/train.py
      hash: md5
      md5: d05fce2bcdd4ca15dc72d93581d30554
      size: 1116
    outs:
    - path: metrics.json
      hash: md5
      md5: 8a0d0accc8702e1f313c328470a81542
      size: 55
    - path: models/model.joblib
      hash: md5
      md5: 982ace879f665b3da3325f62d61a441f
      size: 1418521
